
Microsoft Visual Studio Solution File, Format Version 12.00
# Visual Studio Version 17
VisualStudioVersion = 17.14.36623.8 d17.14
MinimumVisualStudioVersion = 10.0.40219.1
Project("{FAE04EC0-301F-11D3-BF4B-00C04F79EFBC}") = "ActivatorUtilities_CreateFactory", "ActivatorUtilities_CreateFactory.csproj", "{F963ABC8-8995-4F0A-A5B2-84BC75A31465}"
EndProject
Global
	GlobalSection(SolutionConfigurationPlatforms) = preSolution
		Debug|Any CPU = Debug|Any CPU
		Release|Any CPU = Release|Any CPU
	EndGlobalSection
	GlobalSection(ProjectConfigurationPlatforms) = postSolution
		{F963ABC8-8995-4F0A-A5B2-84BC75A31465}.Debug|Any CPU.ActiveCfg = Debug|Any CPU
		{F963ABC8-8995-4F0A-A5B2-84BC75A31465}.Debug|Any CPU.Build.0 = Debug|Any CPU
		{F963ABC8-8995-4F0A-A5B2-84BC75A31465}.Release|Any CPU.ActiveCfg = Release|Any CPU
		{F963ABC8-8995-4F0A-A5B2-84BC75A31465}.Release|Any CPU.Build.0 = Release|Any CPU
	EndGlobalSection
	GlobalSection(SolutionProperties) = preSolution
		HideSolutionNode = FALSE
	EndGlobalSection
	GlobalSection(ExtensibilityGlobals) = postSolution
		SolutionGuid = {C6B1A958-FEF3-4820-9742-D41AC2944FC6}
	EndGlobalSection
EndGlobal
